# This file is autogenerated, do not edit; changes may be undone by the next 'dep ensure'.


[[projects]]
  name = "cloud.google.com/go"
  packages = ["compute/metadata","datastore","internal","internal/atomiccache","internal/fields","internal/version"]
  revision = "2d3a6656c17a60b0815b7e06ab0be04eacb6e613"
  version = "v0.16.0"

[[projects]]
  name = "github.com/RangelReale/osin"
  packages = ["."]
  revision = "92fc3c3539125bddc695a988974243479d82f8b4"
  version = "v1.0.0"

[[projects]]
  name = "github.com/golang/protobuf"
  packages = ["proto","protoc-gen-go/descriptor","ptypes","ptypes/any","ptypes/duration","ptypes/struct","ptypes/timestamp","ptypes/wrappers"]
  revision = "b4deda0973fb4c70b50d226b1af49f3da59f5265"
  version = "v1.1.0"

[[projects]]
  name = "github.com/googleapis/gax-go"
  packages = ["."]
  revision = "317e0006254c44a0ac427cc52a0e083ff0b9622f"
  version = "v2.0.0"

[[projects]]
  name = "github.com/pborman/uuid"
  packages = ["."]
  revision = "e790cca94e6cc75c7064b1332e63811d4aae1a53"
  version = "v1.1"

[[projects]]
  name = "go.mercari.io/datastore"
  packages = [".","aedatastore","clouddatastore","internal","internal/c/atomiccache","internal/c/fields","internal/shared"]
  revision = "8f081843d4aadbd447366f05507f14d8e48c5e5f"
  version = "v1.0.0"

[[projects]]
  name = "go.opencensus.io"
  packages = [".","internal","internal/tagencoding","plugin/ocgrpc","stats","stats/internal","stats/view","tag","trace","trace/internal","trace/propagation"]
  revision = "6edeb78af2d9e4f169abb223feaef35da2e45d06"
  version = "v0.13.0"

[[projects]]
  branch = "master"
  name = "golang.org/x/net"
  packages = ["context","context/ctxhttp","http/httpguts","http2","http2/hpack","idna","internal/timeseries","trace"]
  revision = "db08ff08e8622530d9ed3a0e8ac279f6d4c02196"

[[projects]]
  branch = "master"
  name = "golang.org/x/oauth2"
  packages = [".","google","internal","jws","jwt"]
  revision = "088f8e1d436e8d636f13cd83a345b3d6ff2f04ae"

[[projects]]
  name = "golang.org/x/text"
  packages = ["collate","collate/build","internal/colltab","internal/gen","internal/tag","internal/triegen","internal/ucd","language","secure/bidirule","transform","unicode/bidi","unicode/cldr","unicode/norm","unicode/rangetable"]
  revision = "f21a4dfb5e38f5895301dc265a8def02365cc3d0"
  version = "v0.3.0"

[[projects]]
  branch = "master"
  name = "google.golang.org/api"
  packages = ["internal","iterator","option","transport/grpc"]
  revision = "2eea9ba0a3d94f6ab46508083e299a00bbbc65f6"

[[projects]]
  name = "google.golang.org/appengine"
  packages = [".","datastore","internal","internal/app_identity","internal/base","internal/datastore","internal/log","internal/modules","internal/remote_api","internal/socket","internal/urlfetch","socket","urlfetch"]
  revision = "b1f26356af11148e710935ed1ac8a7f5702c7612"
  version = "v1.1.0"

[[projects]]
  branch = "master"
  name = "google.golang.org/genproto"
  packages = ["googleapis/api/annotations","googleapis/datastore/v1","googleapis/rpc/status","googleapis/type/latlng"]
  revision = "32ee49c4dd805befd833990acba36cb75042378c"

[[projects]]
  name = "google.golang.org/grpc"
  packages = [".","balancer","balancer/base","balancer/roundrobin","codes","connectivity","credentials","credentials/oauth","encoding","encoding/proto","grpclog","internal","internal/backoff","internal/channelz","internal/grpcrand","keepalive","metadata","naming","peer","resolver","resolver/dns","resolver/passthrough","stats","status","tap","transport"]
  revision = "168a6198bcb0ef175f7dacec0b8691fc141dc9b8"
  version = "v1.13.0"

[solve-meta]
  analyzer-name = "dep"
  analyzer-version = 1
  inputs-digest = "5eff42d4fab11ab651e070a33137a7bd461d0432354477cf9967fc0c38d44e5d"
  solver-name = "gps-cdcl"
  solver-version = 1
